
Microsoft Visual Studio Solution File, Format Version 10.00
# Visual Studio 2008
Project("{54435603-DBB4-11D2-8724-00A0C9A8B90C}") = "Setup", "Setup\Setup.vdproj", "{1AAB516B-2931-477F-910F-1EFB8BCE754D}"
EndProject
Project("{FAE04EC0-301F-11D3-BF4B-00C04F79EFBC}") = "XimApi", "XimApi\XimApi.csproj", "{FBB71894-216D-45FF-BCDD-06F7112138DB}"
EndProject
Project("{FAE04EC0-301F-11D3-BF4B-00C04F79EFBC}") = "Win32Api", "Win32Api\Win32Api.csproj", "{09495E69-BC10-4CCB-839B-FBBFA4EAA218}"
EndProject
Project("{FAE04EC0-301F-11D3-BF4B-00C04F79EFBC}") = "Common", "Common\Common.csproj", "{2B38F149-180B-4B26-9BF9-AA6C6E52E86B}"
EndProject
Project("{FAE04EC0-301F-11D3-BF4B-00C04F79EFBC}") = "xDeadzone", "xdeadzone\xDeadzone.csproj", "{FA78B755-5E02-4357-93C0-CC1420204CAF}"
EndProject
Project("{FAE04EC0-301F-11D3-BF4B-00C04F79EFBC}") = "xEmulate", "xemulate\xEmulate.csproj", "{B7013D46-EF16-4EC7-AF97-E296D9223AD1}"
EndProject
Project("{FAE04EC0-301F-11D3-BF4B-00C04F79EFBC}") = "xLinearize", "xlinearize\xLinearize.csproj", "{12E9CAC4-9ED4-4FAF-91A7-B9C6E8D75FBD}"
EndProject
Global
	GlobalSection(SolutionConfigurationPlatforms) = preSolution
		All Debug|Any CPU = All Debug|Any CPU
		All Debug|x86 = All Debug|x86
		Debug|Any CPU = Debug|Any CPU
		Debug|x86 = Debug|x86
		Release|Any CPU = Release|Any CPU
		Release|x86 = Release|x86
	EndGlobalSection
	GlobalSection(ProjectConfigurationPlatforms) = postSolution
		{1AAB516B-2931-477F-910F-1EFB8BCE754D}.All Debug|Any CPU.ActiveCfg = All Debug
		{1AAB516B-2931-477F-910F-1EFB8BCE754D}.All Debug|Any CPU.Build.0 = All Debug
		{1AAB516B-2931-477F-910F-1EFB8BCE754D}.All Debug|x86.ActiveCfg = All Debug
		{1AAB516B-2931-477F-910F-1EFB8BCE754D}.All Debug|x86.Build.0 = All Debug
		{1AAB516B-2931-477F-910F-1EFB8BCE754D}.Debug|Any CPU.ActiveCfg = Debug
		{1AAB516B-2931-477F-910F-1EFB8BCE754D}.Debug|x86.ActiveCfg = Debug
		{1AAB516B-2931-477F-910F-1EFB8BCE754D}.Release|Any CPU.ActiveCfg = Release
		{1AAB516B-2931-477F-910F-1EFB8BCE754D}.Release|x86.ActiveCfg = Release
		{FBB71894-216D-45FF-BCDD-06F7112138DB}.All Debug|Any CPU.ActiveCfg = All Debug|Any CPU
		{FBB71894-216D-45FF-BCDD-06F7112138DB}.All Debug|Any CPU.Build.0 = All Debug|Any CPU
		{FBB71894-216D-45FF-BCDD-06F7112138DB}.All Debug|x86.ActiveCfg = All Debug|Any CPU
		{FBB71894-216D-45FF-BCDD-06F7112138DB}.All Debug|x86.Build.0 = All Debug|Any CPU
		{FBB71894-216D-45FF-BCDD-06F7112138DB}.Debug|Any CPU.ActiveCfg = Debug|Any CPU
		{FBB71894-216D-45FF-BCDD-06F7112138DB}.Debug|Any CPU.Build.0 = Debug|Any CPU
		{FBB71894-216D-45FF-BCDD-06F7112138DB}.Debug|x86.ActiveCfg = Debug|Any CPU
		{FBB71894-216D-45FF-BCDD-06F7112138DB}.Release|Any CPU.ActiveCfg = Release|Any CPU
		{FBB71894-216D-45FF-BCDD-06F7112138DB}.Release|Any CPU.Build.0 = Release|Any CPU
		{FBB71894-216D-45FF-BCDD-06F7112138DB}.Release|x86.ActiveCfg = Release|Any CPU
		{09495E69-BC10-4CCB-839B-FBBFA4EAA218}.All Debug|Any CPU.ActiveCfg = All Debug|Any CPU
		{09495E69-BC10-4CCB-839B-FBBFA4EAA218}.All Debug|Any CPU.Build.0 = All Debug|Any CPU
		{09495E69-BC10-4CCB-839B-FBBFA4EAA218}.All Debug|x86.ActiveCfg = All Debug|Any CPU
		{09495E69-BC10-4CCB-839B-FBBFA4EAA218}.All Debug|x86.Build.0 = All Debug|Any CPU
		{09495E69-BC10-4CCB-839B-FBBFA4EAA218}.Debug|Any CPU.ActiveCfg = Debug|Any CPU
		{09495E69-BC10-4CCB-839B-FBBFA4EAA218}.Debug|Any CPU.Build.0 = Debug|Any CPU
		{09495E69-BC10-4CCB-839B-FBBFA4EAA218}.Debug|x86.ActiveCfg = Debug|Any CPU
		{09495E69-BC10-4CCB-839B-FBBFA4EAA218}.Release|Any CPU.ActiveCfg = Release|Any CPU
		{09495E69-BC10-4CCB-839B-FBBFA4EAA218}.Release|Any CPU.Build.0 = Release|Any CPU
		{09495E69-BC10-4CCB-839B-FBBFA4EAA218}.Release|x86.ActiveCfg = Release|Any CPU
		{2B38F149-180B-4B26-9BF9-AA6C6E52E86B}.All Debug|Any CPU.ActiveCfg = All Debug|Any CPU
		{2B38F149-180B-4B26-9BF9-AA6C6E52E86B}.All Debug|Any CPU.Build.0 = All Debug|Any CPU
		{2B38F149-180B-4B26-9BF9-AA6C6E52E86B}.All Debug|x86.ActiveCfg = All Debug|Any CPU
		{2B38F149-180B-4B26-9BF9-AA6C6E52E86B}.All Debug|x86.Build.0 = All Debug|Any CPU
		{2B38F149-180B-4B26-9BF9-AA6C6E52E86B}.Debug|Any CPU.ActiveCfg = Debug|Any CPU
		{2B38F149-180B-4B26-9BF9-AA6C6E52E86B}.Debug|Any CPU.Build.0 = Debug|Any CPU
		{2B38F149-180B-4B26-9BF9-AA6C6E52E86B}.Debug|x86.ActiveCfg = Debug|Any CPU
		{2B38F149-180B-4B26-9BF9-AA6C6E52E86B}.Debug|x86.Build.0 = Debug|Any CPU
		{2B38F149-180B-4B26-9BF9-AA6C6E52E86B}.Release|Any CPU.ActiveCfg = Release|Any CPU
		{2B38F149-180B-4B26-9BF9-AA6C6E52E86B}.Release|Any CPU.Build.0 = Release|Any CPU
		{2B38F149-180B-4B26-9BF9-AA6C6E52E86B}.Release|x86.ActiveCfg = Release|Any CPU
		{FA78B755-5E02-4357-93C0-CC1420204CAF}.All Debug|Any CPU.ActiveCfg = All Debug|Any CPU
		{FA78B755-5E02-4357-93C0-CC1420204CAF}.All Debug|Any CPU.Build.0 = All Debug|Any CPU
		{FA78B755-5E02-4357-93C0-CC1420204CAF}.All Debug|x86.ActiveCfg = All Debug|Any CPU
		{FA78B755-5E02-4357-93C0-CC1420204CAF}.All Debug|x86.Build.0 = All Debug|Any CPU
		{FA78B755-5E02-4357-93C0-CC1420204CAF}.Debug|Any CPU.ActiveCfg = Debug|Any CPU
		{FA78B755-5E02-4357-93C0-CC1420204CAF}.Debug|Any CPU.Build.0 = Debug|Any CPU
		{FA78B755-5E02-4357-93C0-CC1420204CAF}.Debug|x86.ActiveCfg = Debug|Any CPU
		{FA78B755-5E02-4357-93C0-CC1420204CAF}.Debug|x86.Build.0 = Debug|Any CPU
		{FA78B755-5E02-4357-93C0-CC1420204CAF}.Release|Any CPU.ActiveCfg = Release|Any CPU
		{FA78B755-5E02-4357-93C0-CC1420204CAF}.Release|Any CPU.Build.0 = Release|Any CPU
		{FA78B755-5E02-4357-93C0-CC1420204CAF}.Release|x86.ActiveCfg = Release|Any CPU
		{B7013D46-EF16-4EC7-AF97-E296D9223AD1}.All Debug|Any CPU.ActiveCfg = All Debug|Any CPU
		{B7013D46-EF16-4EC7-AF97-E296D9223AD1}.All Debug|Any CPU.Build.0 = All Debug|Any CPU
		{B7013D46-EF16-4EC7-AF97-E296D9223AD1}.All Debug|x86.ActiveCfg = All Debug|x86
		{B7013D46-EF16-4EC7-AF97-E296D9223AD1}.All Debug|x86.Build.0 = All Debug|x86
		{B7013D46-EF16-4EC7-AF97-E296D9223AD1}.Debug|Any CPU.ActiveCfg = Debug|Any CPU
		{B7013D46-EF16-4EC7-AF97-E296D9223AD1}.Debug|Any CPU.Build.0 = Debug|Any CPU
		{B7013D46-EF16-4EC7-AF97-E296D9223AD1}.Debug|x86.ActiveCfg = Debug|x86
		{B7013D46-EF16-4EC7-AF97-E296D9223AD1}.Debug|x86.Build.0 = Debug|x86
		{B7013D46-EF16-4EC7-AF97-E296D9223AD1}.Release|Any CPU.ActiveCfg = Release|Any CPU
		{B7013D46-EF16-4EC7-AF97-E296D9223AD1}.Release|Any CPU.Build.0 = Release|Any CPU
		{B7013D46-EF16-4EC7-AF97-E296D9223AD1}.Release|x86.ActiveCfg = Release|x86
		{B7013D46-EF16-4EC7-AF97-E296D9223AD1}.Release|x86.Build.0 = Release|x86
		{12E9CAC4-9ED4-4FAF-91A7-B9C6E8D75FBD}.All Debug|Any CPU.ActiveCfg = All Debug|Any CPU
		{12E9CAC4-9ED4-4FAF-91A7-B9C6E8D75FBD}.All Debug|Any CPU.Build.0 = All Debug|Any CPU
		{12E9CAC4-9ED4-4FAF-91A7-B9C6E8D75FBD}.All Debug|x86.ActiveCfg = All Debug|x86
		{12E9CAC4-9ED4-4FAF-91A7-B9C6E8D75FBD}.All Debug|x86.Build.0 = All Debug|x86
		{12E9CAC4-9ED4-4FAF-91A7-B9C6E8D75FBD}.Debug|Any CPU.ActiveCfg = Debug|Any CPU
		{12E9CAC4-9ED4-4FAF-91A7-B9C6E8D75FBD}.Debug|Any CPU.Build.0 = Debug|Any CPU
		{12E9CAC4-9ED4-4FAF-91A7-B9C6E8D75FBD}.Debug|x86.ActiveCfg = Debug|x86
		{12E9CAC4-9ED4-4FAF-91A7-B9C6E8D75FBD}.Debug|x86.Build.0 = Debug|x86
		{12E9CAC4-9ED4-4FAF-91A7-B9C6E8D75FBD}.Release|Any CPU.ActiveCfg = Release|Any CPU
		{12E9CAC4-9ED4-4FAF-91A7-B9C6E8D75FBD}.Release|Any CPU.Build.0 = Release|Any CPU
		{12E9CAC4-9ED4-4FAF-91A7-B9C6E8D75FBD}.Release|x86.ActiveCfg = Release|x86
		{12E9CAC4-9ED4-4FAF-91A7-B9C6E8D75FBD}.Release|x86.Build.0 = Release|x86
	EndGlobalSection
	GlobalSection(SolutionProperties) = preSolution
		HideSolutionNode = FALSE
	EndGlobalSection
EndGlobal
